// !$*UTF8*$!
{
	archiveVersion = 1;
	classes = {
	};
	objectVersion = 55;
	objects = {

/* Begin PBXBuildFile section */
		1901342B27E685C600FB828A /* ErrorModel.swift in Sources */ = {isa = PBXBuildFile; fileRef = 1901342A27E685C600FB828A /* ErrorModel.swift */; };
		1947AE4E27E5266300A1C6B8 /* NetworkExtension.framework in Frameworks */ = {isa = PBXBuildFile; fileRef = 1947AE4D27E5266300A1C6B8 /* NetworkExtension.framework */; };
		195708EB27E5D40D00050687 /* KeychainService.swift in Sources */ = {isa = PBXBuildFile; fileRef = 195708EA27E5D40D00050687 /* KeychainService.swift */; };
		1957092F27E605E400050687 /* VPNConfiguration.swift in Sources */ = {isa = PBXBuildFile; fileRef = 1957092E27E605E400050687 /* VPNConfiguration.swift */; };
		1957093127E611B900050687 /* DispatchQueue.swift in Sources */ = {isa = PBXBuildFile; fileRef = 1957093027E611B900050687 /* DispatchQueue.swift */; };
		1957094927E625E700050687 /* MainScreenPresenter.swift in Sources */ = {isa = PBXBuildFile; fileRef = 1957094227E625E700050687 /* MainScreenPresenter.swift */; };
		1957094A27E625E700050687 /* MainScreenRouter.swift in Sources */ = {isa = PBXBuildFile; fileRef = 1957094327E625E700050687 /* MainScreenRouter.swift */; };
		1957094C27E625E700050687 /* MainScreenAssembly.swift in Sources */ = {isa = PBXBuildFile; fileRef = 1957094527E625E700050687 /* MainScreenAssembly.swift */; };
		1957094D27E625E700050687 /* MainScreenInteractor.swift in Sources */ = {isa = PBXBuildFile; fileRef = 1957094627E625E700050687 /* MainScreenInteractor.swift */; };
		1957095327E6261F00050687 /* ModuleTransitionHandler.swift in Sources */ = {isa = PBXBuildFile; fileRef = 1957095027E6261F00050687 /* ModuleTransitionHandler.swift */; };
		1957095427E6261F00050687 /* Assembly.swift in Sources */ = {isa = PBXBuildFile; fileRef = 1957095127E6261F00050687 /* Assembly.swift */; };
		1957095527E6261F00050687 /* TransitionModel.swift in Sources */ = {isa = PBXBuildFile; fileRef = 1957095227E6261F00050687 /* TransitionModel.swift */; };
		1957095727E6267B00050687 /* ViewOutput.swift in Sources */ = {isa = PBXBuildFile; fileRef = 1957095627E6267B00050687 /* ViewOutput.swift */; };
		1957095D27E62CDF00050687 /* NEVPNStatus+Description.swift in Sources */ = {isa = PBXBuildFile; fileRef = 1957095C27E62CDF00050687 /* NEVPNStatus+Description.swift */; };
		1957096127E66CBD00050687 /* GoogleService-Info.plist in Resources */ = {isa = PBXBuildFile; fileRef = 1957096027E66CBD00050687 /* GoogleService-Info.plist */; };
		1957096427E66DD500050687 /* FirebaseAnalytics in Frameworks */ = {isa = PBXBuildFile; productRef = 1957096327E66DD500050687 /* FirebaseAnalytics */; };
		1957096627E66DD500050687 /* FirebaseAnalyticsSwift-Beta in Frameworks */ = {isa = PBXBuildFile; productRef = 1957096527E66DD500050687 /* FirebaseAnalyticsSwift-Beta */; };
		1957096827E66DD500050687 /* FirebaseAnalyticsWithoutAdIdSupport in Frameworks */ = {isa = PBXBuildFile; productRef = 1957096727E66DD500050687 /* FirebaseAnalyticsWithoutAdIdSupport */; };
		1957096A27E66DD500050687 /* FirebaseAppCheck in Frameworks */ = {isa = PBXBuildFile; productRef = 1957096927E66DD500050687 /* FirebaseAppCheck */; };
		1957096C27E66DD500050687 /* FirebaseAppDistribution-Beta in Frameworks */ = {isa = PBXBuildFile; productRef = 1957096B27E66DD500050687 /* FirebaseAppDistribution-Beta */; };
		1957096E27E66DD500050687 /* FirebaseAuth in Frameworks */ = {isa = PBXBuildFile; productRef = 1957096D27E66DD500050687 /* FirebaseAuth */; };
		1957097027E66DD500050687 /* FirebaseAuthCombine-Community in Frameworks */ = {isa = PBXBuildFile; productRef = 1957096F27E66DD500050687 /* FirebaseAuthCombine-Community */; };
		1957097227E66DD500050687 /* FirebaseCrashlytics in Frameworks */ = {isa = PBXBuildFile; productRef = 1957097127E66DD500050687 /* FirebaseCrashlytics */; };
		1957097427E66DD500050687 /* FirebaseDatabase in Frameworks */ = {isa = PBXBuildFile; productRef = 1957097327E66DD500050687 /* FirebaseDatabase */; };
		1957097627E66DD500050687 /* FirebaseDatabaseSwift-Beta in Frameworks */ = {isa = PBXBuildFile; productRef = 1957097527E66DD500050687 /* FirebaseDatabaseSwift-Beta */; };
		1957097827E66DD500050687 /* FirebaseDynamicLinks in Frameworks */ = {isa = PBXBuildFile; productRef = 1957097727E66DD500050687 /* FirebaseDynamicLinks */; };
		1957097A27E66DD500050687 /* FirebaseFirestore in Frameworks */ = {isa = PBXBuildFile; productRef = 1957097927E66DD500050687 /* FirebaseFirestore */; };
		1957097C27E66DD500050687 /* FirebaseFirestoreCombine-Community in Frameworks */ = {isa = PBXBuildFile; productRef = 1957097B27E66DD500050687 /* FirebaseFirestoreCombine-Community */; };
		1957097E27E66DD500050687 /* FirebaseFirestoreSwift-Beta in Frameworks */ = {isa = PBXBuildFile; productRef = 1957097D27E66DD500050687 /* FirebaseFirestoreSwift-Beta */; };
		1957098027E66DD500050687 /* FirebaseFunctions in Frameworks */ = {isa = PBXBuildFile; productRef = 1957097F27E66DD500050687 /* FirebaseFunctions */; };
		1957098227E66DD500050687 /* FirebaseFunctionsCombine-Community in Frameworks */ = {isa = PBXBuildFile; productRef = 1957098127E66DD500050687 /* FirebaseFunctionsCombine-Community */; };
		1957098427E66DD500050687 /* FirebaseInstallations in Frameworks */ = {isa = PBXBuildFile; productRef = 1957098327E66DD500050687 /* FirebaseInstallations */; };
		1957098627E66DD500050687 /* FirebaseMLModelDownloader in Frameworks */ = {isa = PBXBuildFile; productRef = 1957098527E66DD500050687 /* FirebaseMLModelDownloader */; };
		1957098827E66DD500050687 /* FirebasePerformance in Frameworks */ = {isa = PBXBuildFile; productRef = 1957098727E66DD500050687 /* FirebasePerformance */; };
		1957098A27E66DD500050687 /* FirebaseRemoteConfig in Frameworks */ = {isa = PBXBuildFile; productRef = 1957098927E66DD500050687 /* FirebaseRemoteConfig */; };
		1957098C27E66DD500050687 /* FirebaseStorage in Frameworks */ = {isa = PBXBuildFile; productRef = 1957098B27E66DD500050687 /* FirebaseStorage */; };
		1957098E27E66DD500050687 /* FirebaseStorageCombine-Community in Frameworks */ = {isa = PBXBuildFile; productRef = 1957098D27E66DD500050687 /* FirebaseStorageCombine-Community */; };
		1957099027E66DD500050687 /* FirebaseStorageSwift-Beta in Frameworks */ = {isa = PBXBuildFile; productRef = 1957098F27E66DD500050687 /* FirebaseStorageSwift-Beta */; };
		1957099227E676D600050687 /* VPNDataReceiver.swift in Sources */ = {isa = PBXBuildFile; fileRef = 1957099127E676D600050687 /* VPNDataReceiver.swift */; };
		19B9887C27E51AB6009E3C4B /* AppDelegate.swift in Sources */ = {isa = PBXBuildFile; fileRef = 19B9887B27E51AB6009E3C4B /* AppDelegate.swift */; };
		19B9888027E51AB6009E3C4B /* MainScreenViewController.swift in Sources */ = {isa = PBXBuildFile; fileRef = 19B9887F27E51AB6009E3C4B /* MainScreenViewController.swift */; };
		19B9888627E51AB6009E3C4B /* WorldWeb.xcdatamodeld in Sources */ = {isa = PBXBuildFile; fileRef = 19B9888427E51AB6009E3C4B /* WorldWeb.xcdatamodeld */; };
		19B9888827E51AB7009E3C4B /* Assets.xcassets in Resources */ = {isa = PBXBuildFile; fileRef = 19B9888727E51AB7009E3C4B /* Assets.xcassets */; };
		19B9888B27E51AB7009E3C4B /* LaunchScreen.storyboard in Resources */ = {isa = PBXBuildFile; fileRef = 19B9888927E51AB7009E3C4B /* LaunchScreen.storyboard */; };
		19B9889327E51D53009E3C4B /* VPNService.swift in Sources */ = {isa = PBXBuildFile; fileRef = 19B9889227E51D53009E3C4B /* VPNService.swift */; };
		19C785DB28022D0D00E1B4ED /* UISwitch+Size.swift in Sources */ = {isa = PBXBuildFile; fileRef = 19C785DA28022D0D00E1B4ED /* UISwitch+Size.swift */; };
		B7AEC02732291E3FE417C533 /* Pods_WorldWeb.framework in Frameworks */ = {isa = PBXBuildFile; fileRef = 05323F834B77F663D5FC69DE /* Pods_WorldWeb.framework */; };
/* End PBXBuildFile section */

/* Begin PBXFileReference section */
		05323F834B77F663D5FC69DE /* Pods_WorldWeb.framework */ = {isa = PBXFileReference; explicitFileType = wrapper.framework; includeInIndex = 0; path = Pods_WorldWeb.framework; sourceTree = BUILT_PRODUCTS_DIR; };
		1901342A27E685C600FB828A /* ErrorModel.swift */ = {isa = PBXFileReference; lastKnownFileType = sourcecode.swift; path = ErrorModel.swift; sourceTree = "<group>"; };
		1947AE4B27E5266300A1C6B8 /* WorldWeb.entitlements */ = {isa = PBXFileReference; lastKnownFileType = text.plist.entitlements; path = WorldWeb.entitlements; sourceTree = "<group>"; };
		1947AE4D27E5266300A1C6B8 /* NetworkExtension.framework */ = {isa = PBXFileReference; lastKnownFileType = wrapper.framework; name = NetworkExtension.framework; path = System/Library/Frameworks/NetworkExtension.framework; sourceTree = SDKROOT; };
		195708EA27E5D40D00050687 /* KeychainService.swift */ = {isa = PBXFileReference; lastKnownFileType = sourcecode.swift; path = KeychainService.swift; sourceTree = "<group>"; };
		1957092E27E605E400050687 /* VPNConfiguration.swift */ = {isa = PBXFileReference; lastKnownFileType = sourcecode.swift; path = VPNConfiguration.swift; sourceTree = "<group>"; };
		1957093027E611B900050687 /* DispatchQueue.swift */ = {isa = PBXFileReference; fileEncoding = 4; lastKnownFileType = sourcecode.swift; path = DispatchQueue.swift; sourceTree = "<group>"; };
		1957094227E625E700050687 /* MainScreenPresenter.swift */ = {isa = PBXFileReference; lastKnownFileType = sourcecode.swift; path = MainScreenPresenter.swift; sourceTree = "<group>"; };
		1957094327E625E700050687 /* MainScreenRouter.swift */ = {isa = PBXFileReference; lastKnownFileType = sourcecode.swift; path = MainScreenRouter.swift; sourceTree = "<group>"; };
		1957094527E625E700050687 /* MainScreenAssembly.swift */ = {isa = PBXFileReference; lastKnownFileType = sourcecode.swift; path = MainScreenAssembly.swift; sourceTree = "<group>"; };
		1957094627E625E700050687 /* MainScreenInteractor.swift */ = {isa = PBXFileReference; lastKnownFileType = sourcecode.swift; path = MainScreenInteractor.swift; sourceTree = "<group>"; };
		1957095027E6261F00050687 /* ModuleTransitionHandler.swift */ = {isa = PBXFileReference; fileEncoding = 4; lastKnownFileType = sourcecode.swift; path = ModuleTransitionHandler.swift; sourceTree = "<group>"; };
		1957095127E6261F00050687 /* Assembly.swift */ = {isa = PBXFileReference; fileEncoding = 4; lastKnownFileType = sourcecode.swift; path = Assembly.swift; sourceTree = "<group>"; };
		1957095227E6261F00050687 /* TransitionModel.swift */ = {isa = PBXFileReference; fileEncoding = 4; lastKnownFileType = sourcecode.swift; path = TransitionModel.swift; sourceTree = "<group>"; };
		1957095627E6267B00050687 /* ViewOutput.swift */ = {isa = PBXFileReference; fileEncoding = 4; lastKnownFileType = sourcecode.swift; path = ViewOutput.swift; sourceTree = "<group>"; };
		1957095C27E62CDF00050687 /* NEVPNStatus+Description.swift */ = {isa = PBXFileReference; lastKnownFileType = sourcecode.swift; path = "NEVPNStatus+Description.swift"; sourceTree = "<group>"; };
		1957096027E66CBD00050687 /* GoogleService-Info.plist */ = {isa = PBXFileReference; fileEncoding = 4; lastKnownFileType = text.plist.xml; path = "GoogleService-Info.plist"; sourceTree = "<group>"; };
		1957099127E676D600050687 /* VPNDataReceiver.swift */ = {isa = PBXFileReference; lastKnownFileType = sourcecode.swift; path = VPNDataReceiver.swift; sourceTree = "<group>"; };
		19B9887827E51AB6009E3C4B /* WorldWeb.app */ = {isa = PBXFileReference; explicitFileType = wrapper.application; includeInIndex = 0; path = WorldWeb.app; sourceTree = BUILT_PRODUCTS_DIR; };
		19B9887B27E51AB6009E3C4B /* AppDelegate.swift */ = {isa = PBXFileReference; lastKnownFileType = sourcecode.swift; path = AppDelegate.swift; sourceTree = "<group>"; };
		19B9887F27E51AB6009E3C4B /* MainScreenViewController.swift */ = {isa = PBXFileReference; lastKnownFileType = sourcecode.swift; path = MainScreenViewController.swift; sourceTree = "<group>"; };
		19B9888527E51AB6009E3C4B /* WorldWeb.xcdatamodel */ = {isa = PBXFileReference; lastKnownFileType = wrapper.xcdatamodel; path = WorldWeb.xcdatamodel; sourceTree = "<group>"; };
		19B9888727E51AB7009E3C4B /* Assets.xcassets */ = {isa = PBXFileReference; lastKnownFileType = folder.assetcatalog; path = Assets.xcassets; sourceTree = "<group>"; };
		19B9888A27E51AB7009E3C4B /* Base */ = {isa = PBXFileReference; lastKnownFileType = file.storyboard; name = Base; path = Base.lproj/LaunchScreen.storyboard; sourceTree = "<group>"; };
		19B9888C27E51AB7009E3C4B /* Info.plist */ = {isa = PBXFileReference; lastKnownFileType = text.plist.xml; path = Info.plist; sourceTree = "<group>"; };
		19B9889227E51D53009E3C4B /* VPNService.swift */ = {isa = PBXFileReference; lastKnownFileType = sourcecode.swift; path = VPNService.swift; sourceTree = "<group>"; };
		19C785DA28022D0D00E1B4ED /* UISwitch+Size.swift */ = {isa = PBXFileReference; lastKnownFileType = sourcecode.swift; path = "UISwitch+Size.swift"; sourceTree = "<group>"; };
		D4421708FB6F54D933957EFD /* Pods-WorldWeb.debug.xcconfig */ = {isa = PBXFileReference; includeInIndex = 1; lastKnownFileType = text.xcconfig; name = "Pods-WorldWeb.debug.xcconfig"; path = "Target Support Files/Pods-WorldWeb/Pods-WorldWeb.debug.xcconfig"; sourceTree = "<group>"; };
		E1AB15D774D455DF12731498 /* Pods-WorldWeb.release.xcconfig */ = {isa = PBXFileReference; includeInIndex = 1; lastKnownFileType = text.xcconfig; name = "Pods-WorldWeb.release.xcconfig"; path = "Target Support Files/Pods-WorldWeb/Pods-WorldWeb.release.xcconfig"; sourceTree = "<group>"; };
/* End PBXFileReference section */

/* Begin PBXFrameworksBuildPhase section */
		19B9887527E51AB6009E3C4B /* Frameworks */ = {
			isa = PBXFrameworksBuildPhase;
			buildActionMask = 2147483647;
			files = (
				1957098027E66DD500050687 /* FirebaseFunctions in Frameworks */,
				1957096C27E66DD500050687 /* FirebaseAppDistribution-Beta in Frameworks */,
				1957097027E66DD500050687 /* FirebaseAuthCombine-Community in Frameworks */,
				1947AE4E27E5266300A1C6B8 /* NetworkExtension.framework in Frameworks */,
				1957097C27E66DD500050687 /* FirebaseFirestoreCombine-Community in Frameworks */,
				1957096827E66DD500050687 /* FirebaseAnalyticsWithoutAdIdSupport in Frameworks */,
				1957097E27E66DD500050687 /* FirebaseFirestoreSwift-Beta in Frameworks */,
				1957098627E66DD500050687 /* FirebaseMLModelDownloader in Frameworks */,
				B7AEC02732291E3FE417C533 /* Pods_WorldWeb.framework in Frameworks */,
				1957098427E66DD500050687 /* FirebaseInstallations in Frameworks */,
				1957099027E66DD500050687 /* FirebaseStorageSwift-Beta in Frameworks */,
				1957098E27E66DD500050687 /* FirebaseStorageCombine-Community in Frameworks */,
				1957096627E66DD500050687 /* FirebaseAnalyticsSwift-Beta in Frameworks */,
				1957098C27E66DD500050687 /* FirebaseStorage in Frameworks */,
				1957098A27E66DD500050687 /* FirebaseRemoteConfig in Frameworks */,
				1957097627E66DD500050687 /* FirebaseDatabaseSwift-Beta in Frameworks */,
				1957096A27E66DD500050687 /* FirebaseAppCheck in Frameworks */,
				1957098227E66DD500050687 /* FirebaseFunctionsCombine-Community in Frameworks */,
				1957098827E66DD500050687 /* FirebasePerformance in Frameworks */,
				1957097227E66DD500050687 /* FirebaseCrashlytics in Frameworks */,
				1957097427E66DD500050687 /* FirebaseDatabase in Frameworks */,
				1957096427E66DD500050687 /* FirebaseAnalytics in Frameworks */,
				1957096E27E66DD500050687 /* FirebaseAuth in Frameworks */,
				1957097827E66DD500050687 /* FirebaseDynamicLinks in Frameworks */,
				1957097A27E66DD500050687 /* FirebaseFirestore in Frameworks */,
			);
			runOnlyForDeploymentPostprocessing = 0;
		};
/* End PBXFrameworksBuildPhase section */

/* Begin PBXGroup section */
		1947AE4C27E5266300A1C6B8 /* Frameworks */ = {
			isa = PBXGroup;
			children = (
				1947AE4D27E5266300A1C6B8 /* NetworkExtension.framework */,
				05323F834B77F663D5FC69DE /* Pods_WorldWeb.framework */,
			);
			name = Frameworks;
			sourceTree = "<group>";
		};
		195708EC27E5D44100050687 /* AppDelegate */ = {
			isa = PBXGroup;
			children = (
				19B9887B27E51AB6009E3C4B /* AppDelegate.swift */,
			);
			path = AppDelegate;
			sourceTree = "<group>";
		};
		195708ED27E5D44900050687 /* Services */ = {
			isa = PBXGroup;
			children = (
				1957095E27E6688300050687 /* New Group */,
				195708EF27E5D49800050687 /* VPN */,
				195708EE27E5D44E00050687 /* Keychain */,
			);
			path = Services;
			sourceTree = "<group>";
		};
		195708EE27E5D44E00050687 /* Keychain */ = {
			isa = PBXGroup;
			children = (
				195708EA27E5D40D00050687 /* KeychainService.swift */,
			);
			path = Keychain;
			sourceTree = "<group>";
		};
		195708EF27E5D49800050687 /* VPN */ = {
			isa = PBXGroup;
			children = (
				19B9889227E51D53009E3C4B /* VPNService.swift */,
				1957092E27E605E400050687 /* VPNConfiguration.swift */,
				1957099127E676D600050687 /* VPNDataReceiver.swift */,
			);
			path = VPN;
			sourceTree = "<group>";
		};
		195708F027E5D49F00050687 /* Modules */ = {
			isa = PBXGroup;
			children = (
				195708F127E5D4A400050687 /* MainScreen */,
			);
			path = Modules;
			sourceTree = "<group>";
		};
		195708F127E5D4A400050687 /* MainScreen */ = {
			isa = PBXGroup;
			children = (
				1957094527E625E700050687 /* MainScreenAssembly.swift */,
				1957094227E625E700050687 /* MainScreenPresenter.swift */,
				1957094627E625E700050687 /* MainScreenInteractor.swift */,
				19B9887F27E51AB6009E3C4B /* MainScreenViewController.swift */,
				1957094327E625E700050687 /* MainScreenRouter.swift */,
			);
			path = MainScreen;
			sourceTree = "<group>";
		};
		1957094027E625CE00050687 /* Extensions */ = {
			isa = PBXGroup;
			children = (
				1957095C27E62CDF00050687 /* NEVPNStatus+Description.swift */,
				1957095627E6267B00050687 /* ViewOutput.swift */,
				1957095127E6261F00050687 /* Assembly.swift */,
				1957095027E6261F00050687 /* ModuleTransitionHandler.swift */,
				1957095227E6261F00050687 /* TransitionModel.swift */,
				1957093027E611B900050687 /* DispatchQueue.swift */,
				1901342A27E685C600FB828A /* ErrorModel.swift */,
				19C785DA28022D0D00E1B4ED /* UISwitch+Size.swift */,
			);
			path = Extensions;
			sourceTree = "<group>";
		};
		1957095E27E6688300050687 /* New Group */ = {
			isa = PBXGroup;
			children = (
			);
			path = "New Group";
			sourceTree = "<group>";
		};
		19B9886F27E51AB6009E3C4B = {
			isa = PBXGroup;
			children = (
				19B9887A27E51AB6009E3C4B /* WorldWeb */,
				19B9887927E51AB6009E3C4B /* Products */,
				1947AE4C27E5266300A1C6B8 /* Frameworks */,
				1E58D7F29855428C9BC9C3A0 /* Pods */,
			);
			sourceTree = "<group>";
		};
		19B9887927E51AB6009E3C4B /* Products */ = {
			isa = PBXGroup;
			children = (
				19B9887827E51AB6009E3C4B /* WorldWeb.app */,
			);
			name = Products;
			sourceTree = "<group>";
		};
		19B9887A27E51AB6009E3C4B /* WorldWeb */ = {
			isa = PBXGroup;
			children = (
				195708EC27E5D44100050687 /* AppDelegate */,
				195708ED27E5D44900050687 /* Services */,
				1957094027E625CE00050687 /* Extensions */,
				195708F027E5D49F00050687 /* Modules */,
				19B9888727E51AB7009E3C4B /* Assets.xcassets */,
				19B9888927E51AB7009E3C4B /* LaunchScreen.storyboard */,
				1957096027E66CBD00050687 /* GoogleService-Info.plist */,
				1947AE4B27E5266300A1C6B8 /* WorldWeb.entitlements */,
				19B9888C27E51AB7009E3C4B /* Info.plist */,
				19B9888427E51AB6009E3C4B /* WorldWeb.xcdatamodeld */,
			);
			path = WorldWeb;
			sourceTree = "<group>";
		};
		1E58D7F29855428C9BC9C3A0 /* Pods */ = {
			isa = PBXGroup;
			children = (
				D4421708FB6F54D933957EFD /* Pods-WorldWeb.debug.xcconfig */,
				E1AB15D774D455DF12731498 /* Pods-WorldWeb.release.xcconfig */,
			);
			path = Pods;
			sourceTree = "<group>";
		};
/* End PBXGroup section */

/* Begin PBXNativeTarget section */
		19B9887727E51AB6009E3C4B /* WorldWeb */ = {
			isa = PBXNativeTarget;
			buildConfigurationList = 19B9888F27E51AB7009E3C4B /* Build configuration list for PBXNativeTarget "WorldWeb" */;
			buildPhases = (
				CE8B821870D38E6D36F68482 /* [CP] Check Pods Manifest.lock */,
				19B9887427E51AB6009E3C4B /* Sources */,
				19B9887527E51AB6009E3C4B /* Frameworks */,
				19B9887627E51AB6009E3C4B /* Resources */,
				8DF9BBB3BA0FF234A09327E8 /* [CP] Embed Pods Frameworks */,
			);
			buildRules = (
			);
			dependencies = (
			);
			name = WorldWeb;
			packageProductDependencies = (
				1957096327E66DD500050687 /* FirebaseAnalytics */,
				1957096527E66DD500050687 /* FirebaseAnalyticsSwift-Beta */,
				1957096727E66DD500050687 /* FirebaseAnalyticsWithoutAdIdSupport */,
				1957096927E66DD500050687 /* FirebaseAppCheck */,
				1957096B27E66DD500050687 /* FirebaseAppDistribution-Beta */,
				1957096D27E66DD500050687 /* FirebaseAuth */,
				1957096F27E66DD500050687 /* FirebaseAuthCombine-Community */,
				1957097127E66DD500050687 /* FirebaseCrashlytics */,
				1957097327E66DD500050687 /* FirebaseDatabase */,
				1957097527E66DD500050687 /* FirebaseDatabaseSwift-Beta */,
				1957097727E66DD500050687 /* FirebaseDynamicLinks */,
				1957097927E66DD500050687 /* FirebaseFirestore */,
				1957097B27E66DD500050687 /* FirebaseFirestoreCombine-Community */,
				1957097D27E66DD500050687 /* FirebaseFirestoreSwift-Beta */,
				1957097F27E66DD500050687 /* FirebaseFunctions */,
				1957098127E66DD500050687 /* FirebaseFunctionsCombine-Community */,
				1957098327E66DD500050687 /* FirebaseInstallations */,
				1957098527E66DD500050687 /* FirebaseMLModelDownloader */,
				1957098727E66DD500050687 /* FirebasePerformance */,
				1957098927E66DD500050687 /* FirebaseRemoteConfig */,
				1957098B27E66DD500050687 /* FirebaseStorage */,
				1957098D27E66DD500050687 /* FirebaseStorageCombine-Community */,
				1957098F27E66DD500050687 /* FirebaseStorageSwift-Beta */,
			);
			productName = WorldWeb;
			productReference = 19B9887827E51AB6009E3C4B /* WorldWeb.app */;
			productType = "com.apple.product-type.application";
		};
/* End PBXNativeTarget section */

/* Begin PBXProject section */
		19B9887027E51AB6009E3C4B /* Project object */ = {
			isa = PBXProject;
			attributes = {
				BuildIndependentTargetsInParallel = 1;
				LastSwiftUpdateCheck = 1330;
				LastUpgradeCheck = 1330;
				TargetAttributes = {
					19B9887727E51AB6009E3C4B = {
						CreatedOnToolsVersion = 13.3;
					};
				};
			};
			buildConfigurationList = 19B9887327E51AB6009E3C4B /* Build configuration list for PBXProject "WorldWeb" */;
			compatibilityVersion = "Xcode 13.0";
			developmentRegion = en;
			hasScannedForEncodings = 0;
			knownRegions = (
				en,
				Base,
			);
			mainGroup = 19B9886F27E51AB6009E3C4B;
			packageReferences = (
				1957096227E66DD500050687 /* XCRemoteSwiftPackageReference "firebase-ios-sdk" */,
			);
			productRefGroup = 19B9887927E51AB6009E3C4B /* Products */;
			projectDirPath = "";
			projectRoot = "";
			targets = (
				19B9887727E51AB6009E3C4B /* WorldWeb */,
			);
		};
/* End PBXProject section */

/* Begin PBXResourcesBuildPhase section */
		19B9887627E51AB6009E3C4B /* Resources */ = {
			isa = PBXResourcesBuildPhase;
			buildActionMask = 2147483647;
			files = (
				19B9888B27E51AB7009E3C4B /* LaunchScreen.storyboard in Resources */,
				19B9888827E51AB7009E3C4B /* Assets.xcassets in Resources */,
				1957096127E66CBD00050687 /* GoogleService-Info.plist in Resources */,
			);
			runOnlyForDeploymentPostprocessing = 0;
		};
/* End PBXResourcesBuildPhase section */

/* Begin PBXShellScriptBuildPhase section */
		8DF9BBB3BA0FF234A09327E8 /* [CP] Embed Pods Frameworks */ = {
			isa = PBXShellScriptBuildPhase;
			buildActionMask = 2147483647;
			files = (
			);
			inputFileListPaths = (
				"${PODS_ROOT}/Target Support Files/Pods-WorldWeb/Pods-WorldWeb-frameworks-${CONFIGURATION}-input-files.xcfilelist",
			);
			name = "[CP] Embed Pods Frameworks";
			outputFileListPaths = (
				"${PODS_ROOT}/Target Support Files/Pods-WorldWeb/Pods-WorldWeb-frameworks-${CONFIGURATION}-output-files.xcfilelist",
			);
			runOnlyForDeploymentPostprocessing = 0;
			shellPath = /bin/sh;
			shellScript = "\"${PODS_ROOT}/Target Support Files/Pods-WorldWeb/Pods-WorldWeb-frameworks.sh\"\n";
			showEnvVarsInLog = 0;
		};
		CE8B821870D38E6D36F68482 /* [CP] Check Pods Manifest.lock */ = {
			isa = PBXShellScriptBuildPhase;
			buildActionMask = 2147483647;
			files = (
			);
			inputFileListPaths = (
			);
			inputPaths = (
				"${PODS_PODFILE_DIR_PATH}/Podfile.lock",
				"${PODS_ROOT}/Manifest.lock",
			);
			name = "[CP] Check Pods Manifest.lock";
			outputFileListPaths = (
			);
			outputPaths = (
				"$(DERIVED_FILE_DIR)/Pods-WorldWeb-checkManifestLockResult.txt",
			);
			runOnlyForDeploymentPostprocessing = 0;
			shellPath = /bin/sh;
			shellScript = "diff \"${PODS_PODFILE_DIR_PATH}/Podfile.lock\" \"${PODS_ROOT}/Manifest.lock\" > /dev/null\nif [ $? != 0 ] ; then\n    # print error to STDERR\n    echo \"error: The sandbox is not in sync with the Podfile.lock. Run 'pod install' or update your CocoaPods installation.\" >&2\n    exit 1\nfi\n# This output is used by Xcode 'outputs' to avoid re-running this script phase.\necho \"SUCCESS\" > \"${SCRIPT_OUTPUT_FILE_0}\"\n";
			showEnvVarsInLog = 0;
		};
/* End PBXShellScriptBuildPhase section */

/* Begin PBXSourcesBuildPhase section */
		19B9887427E51AB6009E3C4B /* Sources */ = {
			isa = PBXSourcesBuildPhase;
			buildActionMask = 2147483647;
			files = (
				19B9888027E51AB6009E3C4B /* MainScreenViewController.swift in Sources */,
				1957094D27E625E700050687 /* MainScreenInteractor.swift in Sources */,
				1957094927E625E700050687 /* MainScreenPresenter.swift in Sources */,
				19C785DB28022D0D00E1B4ED /* UISwitch+Size.swift in Sources */,
				1957095327E6261F00050687 /* ModuleTransitionHandler.swift in Sources */,
				1957094A27E625E700050687 /* MainScreenRouter.swift in Sources */,
				1957095D27E62CDF00050687 /* NEVPNStatus+Description.swift in Sources */,
				1901342B27E685C600FB828A /* ErrorModel.swift in Sources */,
				19B9889327E51D53009E3C4B /* VPNService.swift in Sources */,
				1957095727E6267B00050687 /* ViewOutput.swift in Sources */,
				1957099227E676D600050687 /* VPNDataReceiver.swift in Sources */,
				19B9887C27E51AB6009E3C4B /* AppDelegate.swift in Sources */,
				195708EB27E5D40D00050687 /* KeychainService.swift in Sources */,
				1957095427E6261F00050687 /* Assembly.swift in Sources */,
				19B9888627E51AB6009E3C4B /* WorldWeb.xcdatamodeld in Sources */,
				1957095527E6261F00050687 /* TransitionModel.swift in Sources */,
				1957094C27E625E700050687 /* MainScreenAssembly.swift in Sources */,
				1957093127E611B900050687 /* DispatchQueue.swift in Sources */,
				1957092F27E605E400050687 /* VPNConfiguration.swift in Sources */,
			);
			runOnlyForDeploymentPostprocessing = 0;
		};
/* End PBXSourcesBuildPhase section */

/* Begin PBXVariantGroup section */
		19B9888927E51AB7009E3C4B /* LaunchScreen.storyboard */ = {
			isa = PBXVariantGroup;
			children = (
				19B9888A27E51AB7009E3C4B /* Base */,
			);
			name = LaunchScreen.storyboard;
			sourceTree = "<group>";
		};
/* End PBXVariantGroup section */

/* Begin XCBuildConfiguration section */
		19B9888D27E51AB7009E3C4B /* Debug */ = {
			isa = XCBuildConfiguration;
			buildSettings = {
				ALWAYS_SEARCH_USER_PATHS = NO;
				CLANG_ANALYZER_NONNULL = YES;
				CLANG_ANALYZER_NUMBER_OBJECT_CONVERSION = YES_AGGRESSIVE;
				CLANG_CXX_LANGUAGE_STANDARD = "gnu++17";
				CLANG_ENABLE_MODULES = YES;
				CLANG_ENABLE_OBJC_ARC = YES;
				CLANG_ENABLE_OBJC_WEAK = YES;
				CLANG_WARN_BLOCK_CAPTURE_AUTORELEASING = YES;
				CLANG_WARN_BOOL_CONVERSION = YES;
				CLANG_WARN_COMMA = YES;
				CLANG_WARN_CONSTANT_CONVERSION = YES;
				CLANG_WARN_DEPRECATED_OBJC_IMPLEMENTATIONS = YES;
				CLANG_WARN_DIRECT_OBJC_ISA_USAGE = YES_ERROR;
				CLANG_WARN_DOCUMENTATION_COMMENTS = YES;
				CLANG_WARN_EMPTY_BODY = YES;
				CLANG_WARN_ENUM_CONVERSION = YES;
				CLANG_WARN_INFINITE_RECURSION = YES;
				CLANG_WARN_INT_CONVERSION = YES;
				CLANG_WARN_NON_LITERAL_NULL_CONVERSION = YES;
				CLANG_WARN_OBJC_IMPLICIT_RETAIN_SELF = YES;
				CLANG_WARN_OBJC_LITERAL_CONVERSION = YES;
				CLANG_WARN_OBJC_ROOT_CLASS = YES_ERROR;
				CLANG_WARN_QUOTED_INCLUDE_IN_FRAMEWORK_HEADER = YES;
				CLANG_WARN_RANGE_LOOP_ANALYSIS = YES;
				CLANG_WARN_STRICT_PROTOTYPES = YES;
				CLANG_WARN_SUSPICIOUS_MOVE = YES;
				CLANG_WARN_UNGUARDED_AVAILABILITY = YES_AGGRESSIVE;
				CLANG_WARN_UNREACHABLE_CODE = YES;
				CLANG_WARN__DUPLICATE_METHOD_MATCH = YES;
				COPY_PHASE_STRIP = NO;
				DEBUG_INFORMATION_FORMAT = dwarf;
				ENABLE_STRICT_OBJC_MSGSEND = YES;
				ENABLE_TESTABILITY = YES;
				GCC_C_LANGUAGE_STANDARD = gnu11;
				GCC_DYNAMIC_NO_PIC = NO;
				GCC_NO_COMMON_BLOCKS = YES;
				GCC_OPTIMIZATION_LEVEL = 0;
				GCC_PREPROCESSOR_DEFINITIONS = (
					"DEBUG=1",
					"$(inherited)",
				);
				GCC_WARN_64_TO_32_BIT_CONVERSION = YES;
				GCC_WARN_ABOUT_RETURN_TYPE = YES_ERROR;
				GCC_WARN_UNDECLARED_SELECTOR = YES;
				GCC_WARN_UNINITIALIZED_AUTOS = YES_AGGRESSIVE;
				GCC_WARN_UNUSED_FUNCTION = YES;
				GCC_WARN_UNUSED_VARIABLE = YES;
				IPHONEOS_DEPLOYMENT_TARGET = 13.0;
				MTL_ENABLE_DEBUG_INFO = INCLUDE_SOURCE;
				MTL_FAST_MATH = YES;
				ONLY_ACTIVE_ARCH = YES;
				SDKROOT = iphoneos;
				SWIFT_ACTIVE_COMPILATION_CONDITIONS = DEBUG;
				SWIFT_OPTIMIZATION_LEVEL = "-Onone";
			};
			name = Debug;
		};
		19B9888E27E51AB7009E3C4B /* Release */ = {
			isa = XCBuildConfiguration;
			buildSettings = {
				ALWAYS_SEARCH_USER_PATHS = NO;
				CLANG_ANALYZER_NONNULL = YES;
				CLANG_ANALYZER_NUMBER_OBJECT_CONVERSION = YES_AGGRESSIVE;
				CLANG_CXX_LANGUAGE_STANDARD = "gnu++17";
				CLANG_ENABLE_MODULES = YES;
				CLANG_ENABLE_OBJC_ARC = YES;
				CLANG_ENABLE_OBJC_WEAK = YES;
				CLANG_WARN_BLOCK_CAPTURE_AUTORELEASING = YES;
				CLANG_WARN_BOOL_CONVERSION = YES;
				CLANG_WARN_COMMA = YES;
				CLANG_WARN_CONSTANT_CONVERSION = YES;
				CLANG_WARN_DEPRECATED_OBJC_IMPLEMENTATIONS = YES;
				CLANG_WARN_DIRECT_OBJC_ISA_USAGE = YES_ERROR;
				CLANG_WARN_DOCUMENTATION_COMMENTS = YES;
				CLANG_WARN_EMPTY_BODY = YES;
				CLANG_WARN_ENUM_CONVERSION = YES;
				CLANG_WARN_INFINITE_RECURSION = YES;
				CLANG_WARN_INT_CONVERSION = YES;
				CLANG_WARN_NON_LITERAL_NULL_CONVERSION = YES;
				CLANG_WARN_OBJC_IMPLICIT_RETAIN_SELF = YES;
				CLANG_WARN_OBJC_LITERAL_CONVERSION = YES;
				CLANG_WARN_OBJC_ROOT_CLASS = YES_ERROR;
				CLANG_WARN_QUOTED_INCLUDE_IN_FRAMEWORK_HEADER = YES;
				CLANG_WARN_RANGE_LOOP_ANALYSIS = YES;
				CLANG_WARN_STRICT_PROTOTYPES = YES;
				CLANG_WARN_SUSPICIOUS_MOVE = YES;
				CLANG_WARN_UNGUARDED_AVAILABILITY = YES_AGGRESSIVE;
				CLANG_WARN_UNREACHABLE_CODE = YES;
				CLANG_WARN__DUPLICATE_METHOD_MATCH = YES;
				COPY_PHASE_STRIP = NO;
				DEBUG_INFORMATION_FORMAT = "dwarf-with-dsym";
				ENABLE_NS_ASSERTIONS = NO;
				ENABLE_STRICT_OBJC_MSGSEND = YES;
				GCC_C_LANGUAGE_STANDARD = gnu11;
				GCC_NO_COMMON_BLOCKS = YES;
				GCC_WARN_64_TO_32_BIT_CONVERSION = YES;
				GCC_WARN_ABOUT_RETURN_TYPE = YES_ERROR;
				GCC_WARN_UNDECLARED_SELECTOR = YES;
				GCC_WARN_UNINITIALIZED_AUTOS = YES_AGGRESSIVE;
				GCC_WARN_UNUSED_FUNCTION = YES;
				GCC_WARN_UNUSED_VARIABLE = YES;
				IPHONEOS_DEPLOYMENT_TARGET = 13.0;
				MTL_ENABLE_DEBUG_INFO = NO;
				MTL_FAST_MATH = YES;
				SDKROOT = iphoneos;
				SWIFT_COMPILATION_MODE = wholemodule;
				SWIFT_OPTIMIZATION_LEVEL = "-O";
				VALIDATE_PRODUCT = YES;
			};
			name = Release;
		};
		19B9889027E51AB7009E3C4B /* Debug */ = {
			isa = XCBuildConfiguration;
			baseConfigurationReference = D4421708FB6F54D933957EFD /* Pods-WorldWeb.debug.xcconfig */;
			buildSettings = {
				ASSETCATALOG_COMPILER_APPICON_NAME = AppIcon;
				ASSETCATALOG_COMPILER_GLOBAL_ACCENT_COLOR_NAME = AccentColor;
				CODE_SIGN_ENTITLEMENTS = WorldWeb/WorldWeb.entitlements;
				CODE_SIGN_STYLE = Automatic;
				CURRENT_PROJECT_VERSION = 1;
				DEVELOPMENT_TEAM = UHQ7TS5P9H;
				GENERATE_INFOPLIST_FILE = YES;
				INFOPLIST_FILE = WorldWeb/Info.plist;
				INFOPLIST_KEY_UIApplicationSupportsIndirectInputEvents = YES;
				INFOPLIST_KEY_UILaunchStoryboardName = LaunchScreen;
				INFOPLIST_KEY_UISupportedInterfaceOrientations = UIInterfaceOrientationPortrait;
				INFOPLIST_KEY_UISupportedInterfaceOrientations_iPad = "UIInterfaceOrientationPortrait UIInterfaceOrientationPortraitUpsideDown UIInterfaceOrientationLandscapeLeft UIInterfaceOrientationLandscapeRight";
				INFOPLIST_KEY_UISupportedInterfaceOrientations_iPhone = "UIInterfaceOrientationPortrait UIInterfaceOrientationLandscapeLeft UIInterfaceOrientationLandscapeRight";
				IPHONEOS_DEPLOYMENT_TARGET = 13.0;
				LD_RUNPATH_SEARCH_PATHS = (
					"$(inherited)",
					"@executable_path/Frameworks",
				);
				MARKETING_VERSION = 1.0;
				PRODUCT_BUNDLE_IDENTIFIER = ru.mobileship.WorldWeb;
				PRODUCT_NAME = "$(TARGET_NAME)";
				SWIFT_EMIT_LOC_STRINGS = YES;
				SWIFT_VERSION = 5.0;
				TARGETED_DEVICE_FAMILY = 1;
			};
			name = Debug;
		};
		19B9889127E51AB7009E3C4B /* Release */ = {
			isa = XCBuildConfiguration;
			baseConfigurationReference = E1AB15D774D455DF12731498 /* Pods-WorldWeb.release.xcconfig */;
			buildSettings = {
				ASSETCATALOG_COMPILER_APPICON_NAME = AppIcon;
				ASSETCATALOG_COMPILER_GLOBAL_ACCENT_COLOR_NAME = AccentColor;
				CODE_SIGN_ENTITLEMENTS = WorldWeb/WorldWeb.entitlements;
				CODE_SIGN_STYLE = Automatic;
				CURRENT_PROJECT_VERSION = 1;
				DEVELOPMENT_TEAM = UHQ7TS5P9H;
				GENERATE_INFOPLIST_FILE = YES;
				INFOPLIST_FILE = WorldWeb/Info.plist;
				INFOPLIST_KEY_UIApplicationSupportsIndirectInputEvents = YES;
				INFOPLIST_KEY_UILaunchStoryboardName = LaunchScreen;
				INFOPLIST_KEY_UISupportedInterfaceOrientations = UIInterfaceOrientationPortrait;
				INFOPLIST_KEY_UISupportedInterfaceOrientations_iPad = "UIInterfaceOrientationPortrait UIInterfaceOrientationPortraitUpsideDown UIInterfaceOrientationLandscapeLeft UIInterfaceOrientationLandscapeRight";
				INFOPLIST_KEY_UISupportedInterfaceOrientations_iPhone = "UIInterfaceOrientationPortrait UIInterfaceOrientationLandscapeLeft UIInterfaceOrientationLandscapeRight";
				IPHONEOS_DEPLOYMENT_TARGET = 13.0;
				LD_RUNPATH_SEARCH_PATHS = (
					"$(inherited)",
					"@executable_path/Frameworks",
				);
				MARKETING_VERSION = 1.0;
				PRODUCT_BUNDLE_IDENTIFIER = ru.mobileship.WorldWeb;
				PRODUCT_NAME = "$(TARGET_NAME)";
				SWIFT_EMIT_LOC_STRINGS = YES;
				SWIFT_VERSION = 5.0;
				TARGETED_DEVICE_FAMILY = 1;
			};
			name = Release;
		};
/* End XCBuildConfiguration section */

/* Begin XCConfigurationList section */
		19B9887327E51AB6009E3C4B /* Build configuration list for PBXProject "WorldWeb" */ = {
			isa = XCConfigurationList;
			buildConfigurations = (
				19B9888D27E51AB7009E3C4B /* Debug */,
				19B9888E27E51AB7009E3C4B /* Release */,
			);
			defaultConfigurationIsVisible = 0;
			defaultConfigurationName = Release;
		};
		19B9888F27E51AB7009E3C4B /* Build configuration list for PBXNativeTarget "WorldWeb" */ = {
			isa = XCConfigurationList;
			buildConfigurations = (
				19B9889027E51AB7009E3C4B /* Debug */,
				19B9889127E51AB7009E3C4B /* Release */,
			);
			defaultConfigurationIsVisible = 0;
			defaultConfigurationName = Release;
		};
/* End XCConfigurationList section */

/* Begin XCRemoteSwiftPackageReference section */
		1957096227E66DD500050687 /* XCRemoteSwiftPackageReference "firebase-ios-sdk" */ = {
			isa = XCRemoteSwiftPackageReference;
			repositoryURL = "https://github.com/firebase/firebase-ios-sdk";
			requirement = {
				kind = upToNextMinorVersion;
				minimumVersion = 8.9.0;
			};
		};
/* End XCRemoteSwiftPackageReference section */

/* Begin XCSwiftPackageProductDependency section */
		1957096327E66DD500050687 /* FirebaseAnalytics */ = {
			isa = XCSwiftPackageProductDependency;
			package = 1957096227E66DD500050687 /* XCRemoteSwiftPackageReference "firebase-ios-sdk" */;
			productName = FirebaseAnalytics;
		};
		1957096527E66DD500050687 /* FirebaseAnalyticsSwift-Beta */ = {
			isa = XCSwiftPackageProductDependency;
			package = 1957096227E66DD500050687 /* XCRemoteSwiftPackageReference "firebase-ios-sdk" */;
			productName = "FirebaseAnalyticsSwift-Beta";
		};
		1957096727E66DD500050687 /* FirebaseAnalyticsWithoutAdIdSupport */ = {
			isa = XCSwiftPackageProductDependency;
			package = 1957096227E66DD500050687 /* XCRemoteSwiftPackageReference "firebase-ios-sdk" */;
			productName = FirebaseAnalyticsWithoutAdIdSupport;
		};
		1957096927E66DD500050687 /* FirebaseAppCheck */ = {
			isa = XCSwiftPackageProductDependency;
			package = 1957096227E66DD500050687 /* XCRemoteSwiftPackageReference "firebase-ios-sdk" */;
			productName = FirebaseAppCheck;
		};
		1957096B27E66DD500050687 /* FirebaseAppDistribution-Beta */ = {
			isa = XCSwiftPackageProductDependency;
			package = 1957096227E66DD500050687 /* XCRemoteSwiftPackageReference "firebase-ios-sdk" */;
			productName = "FirebaseAppDistribution-Beta";
		};
		1957096D27E66DD500050687 /* FirebaseAuth */ = {
			isa = XCSwiftPackageProductDependency;
			package = 1957096227E66DD500050687 /* XCRemoteSwiftPackageReference "firebase-ios-sdk" */;
			productName = FirebaseAuth;
		};
		1957096F27E66DD500050687 /* FirebaseAuthCombine-Community */ = {
			isa = XCSwiftPackageProductDependency;
			package = 1957096227E66DD500050687 /* XCRemoteSwiftPackageReference "firebase-ios-sdk" */;
			productName = "FirebaseAuthCombine-Community";
		};
		1957097127E66DD500050687 /* FirebaseCrashlytics */ = {
			isa = XCSwiftPackageProductDependency;
			package = 1957096227E66DD500050687 /* XCRemoteSwiftPackageReference "firebase-ios-sdk" */;
			productName = FirebaseCrashlytics;
		};
		1957097327E66DD500050687 /* FirebaseDatabase */ = {
			isa = XCSwiftPackageProductDependency;
			package = 1957096227E66DD500050687 /* XCRemoteSwiftPackageReference "firebase-ios-sdk" */;
			productName = FirebaseDatabase;
		};
		1957097527E66DD500050687 /* FirebaseDatabaseSwift-Beta */ = {
			isa = XCSwiftPackageProductDependency;
			package = 1957096227E66DD500050687 /* XCRemoteSwiftPackageReference "firebase-ios-sdk" */;
			productName = "FirebaseDatabaseSwift-Beta";
		};
		1957097727E66DD500050687 /* FirebaseDynamicLinks */ = {
			isa = XCSwiftPackageProductDependency;
			package = 1957096227E66DD500050687 /* XCRemoteSwiftPackageReference "firebase-ios-sdk" */;
			productName = FirebaseDynamicLinks;
		};
		1957097927E66DD500050687 /* FirebaseFirestore */ = {
			isa = XCSwiftPackageProductDependency;
			package = 1957096227E66DD500050687 /* XCRemoteSwiftPackageReference "firebase-ios-sdk" */;
			productName = FirebaseFirestore;
		};
		1957097B27E66DD500050687 /* FirebaseFirestoreCombine-Community */ = {
			isa = XCSwiftPackageProductDependency;
			package = 1957096227E66DD500050687 /* XCRemoteSwiftPackageReference "firebase-ios-sdk" */;
			productName = "FirebaseFirestoreCombine-Community";
		};
		1957097D27E66DD500050687 /* FirebaseFirestoreSwift-Beta */ = {
			isa = XCSwiftPackageProductDependency;
			package = 1957096227E66DD500050687 /* XCRemoteSwiftPackageReference "firebase-ios-sdk" */;
			productName = "FirebaseFirestoreSwift-Beta";
		};
		1957097F27E66DD500050687 /* FirebaseFunctions */ = {
			isa = XCSwiftPackageProductDependency;
			package = 1957096227E66DD500050687 /* XCRemoteSwiftPackageReference "firebase-ios-sdk" */;
			productName = FirebaseFunctions;
		};
		1957098127E66DD500050687 /* FirebaseFunctionsCombine-Community */ = {
			isa = XCSwiftPackageProductDependency;
			package = 1957096227E66DD500050687 /* XCRemoteSwiftPackageReference "firebase-ios-sdk" */;
			productName = "FirebaseFunctionsCombine-Community";
		};
		1957098327E66DD500050687 /* FirebaseInstallations */ = {
			isa = XCSwiftPackageProductDependency;
			package = 1957096227E66DD500050687 /* XCRemoteSwiftPackageReference "firebase-ios-sdk" */;
			productName = FirebaseInstallations;
		};
		1957098527E66DD500050687 /* FirebaseMLModelDownloader */ = {
			isa = XCSwiftPackageProductDependency;
			package = 1957096227E66DD500050687 /* XCRemoteSwiftPackageReference "firebase-ios-sdk" */;
			productName = FirebaseMLModelDownloader;
		};
		1957098727E66DD500050687 /* FirebasePerformance */ = {
			isa = XCSwiftPackageProductDependency;
			package = 1957096227E66DD500050687 /* XCRemoteSwiftPackageReference "firebase-ios-sdk" */;
			productName = FirebasePerformance;
		};
		1957098927E66DD500050687 /* FirebaseRemoteConfig */ = {
			isa = XCSwiftPackageProductDependency;
			package = 1957096227E66DD500050687 /* XCRemoteSwiftPackageReference "firebase-ios-sdk" */;
			productName = FirebaseRemoteConfig;
		};
		1957098B27E66DD500050687 /* FirebaseStorage */ = {
			isa = XCSwiftPackageProductDependency;
			package = 1957096227E66DD500050687 /* XCRemoteSwiftPackageReference "firebase-ios-sdk" */;
			productName = FirebaseStorage;
		};
		1957098D27E66DD500050687 /* FirebaseStorageCombine-Community */ = {
			isa = XCSwiftPackageProductDependency;
			package = 1957096227E66DD500050687 /* XCRemoteSwiftPackageReference "firebase-ios-sdk" */;
			productName = "FirebaseStorageCombine-Community";
		};
		1957098F27E66DD500050687 /* FirebaseStorageSwift-Beta */ = {
			isa = XCSwiftPackageProductDependency;
			package = 1957096227E66DD500050687 /* XCRemoteSwiftPackageReference "firebase-ios-sdk" */;
			productName = "FirebaseStorageSwift-Beta";
		};
/* End XCSwiftPackageProductDependency section */

/* Begin XCVersionGroup section */
		19B9888427E51AB6009E3C4B /* WorldWeb.xcdatamodeld */ = {
			isa = XCVersionGroup;
			children = (
				19B9888527E51AB6009E3C4B /* WorldWeb.xcdatamodel */,
			);
			currentVersion = 19B9888527E51AB6009E3C4B /* WorldWeb.xcdatamodel */;
			path = WorldWeb.xcdatamodeld;
			sourceTree = "<group>";
			versionGroupType = wrapper.xcdatamodel;
		};
/* End XCVersionGroup section */
	};
	rootObject = 19B9887027E51AB6009E3C4B /* Project object */;
}
